
Microsoft Visual Studio Solution File, Format Version 12.00
# Visual Studio Version 16
VisualStudioVersion = 16.0.34301.259
MinimumVisualStudioVersion = 10.0.40219.1
Project("{FAE04EC0-301F-11D3-BF4B-00C04F79EFBC}") = "CognizantSeleniumTraining", "CognizantSeleniumTraining\CognizantSeleniumTraining.csproj", "{0DA6C624-57E1-427E-A124-5CF2FB6136C8}"
EndProject
Project("{FAE04EC0-301F-11D3-BF4B-00C04F79EFBC}") = "ApplicationScenarios", "ApplicationScenarios\ApplicationScenarios.csproj", "{C846C645-7F80-49E2-ADC0-5FEEB97C3AA1}"
EndProject
Project("{FAE04EC0-301F-11D3-BF4B-00C04F79EFBC}") = "Application", "Application\Application.csproj", "{9691A15C-80CF-496A-A413-47053DFFC4BC}"
EndProject
Project("{FAE04EC0-301F-11D3-BF4B-00C04F79EFBC}") = "HerokuPagesWebdriverImpl", "HerokuPages\HerokuPagesWebdriverImpl.csproj", "{C1D86879-60CC-4DCA-BEAA-8953624DD634}"
EndProject
Project("{FAE04EC0-301F-11D3-BF4B-00C04F79EFBC}") = "HerokuAppOperations", "HerokuAppOperations\HerokuAppOperations.csproj", "{5483BAD0-9D16-47D9-95A8-331F9B6EA223}"
EndProject
Project("{FAE04EC0-301F-11D3-BF4B-00C04F79EFBC}") = "PetStoreOperations", "PetStoreOperations\PetStoreOperations.csproj", "{0A99969F-0A1E-4E31-B60F-9608DD5DD08A}"
EndProject
Project("{FAE04EC0-301F-11D3-BF4B-00C04F79EFBC}") = "Utilities", "Utilities\Utilities.csproj", "{D9AA5390-A862-4E4B-9DA3-B37E22F4B517}"
EndProject
Project("{FAE04EC0-301F-11D3-BF4B-00C04F79EFBC}") = "WebUitils", "WebUitils\WebUitils.csproj", "{EA6A4394-E944-4F8F-8506-FCE8132B6272}"
EndProject
Global
	GlobalSection(SolutionConfigurationPlatforms) = preSolution
		Debug|Any CPU = Debug|Any CPU
		Release|Any CPU = Release|Any CPU
	EndGlobalSection
	GlobalSection(ProjectConfigurationPlatforms) = postSolution
		{0DA6C624-57E1-427E-A124-5CF2FB6136C8}.Debug|Any CPU.ActiveCfg = Debug|Any CPU
		{0DA6C624-57E1-427E-A124-5CF2FB6136C8}.Debug|Any CPU.Build.0 = Debug|Any CPU
		{0DA6C624-57E1-427E-A124-5CF2FB6136C8}.Release|Any CPU.ActiveCfg = Release|Any CPU
		{0DA6C624-57E1-427E-A124-5CF2FB6136C8}.Release|Any CPU.Build.0 = Release|Any CPU
		{C846C645-7F80-49E2-ADC0-5FEEB97C3AA1}.Debug|Any CPU.ActiveCfg = Debug|Any CPU
		{C846C645-7F80-49E2-ADC0-5FEEB97C3AA1}.Debug|Any CPU.Build.0 = Debug|Any CPU
		{C846C645-7F80-49E2-ADC0-5FEEB97C3AA1}.Release|Any CPU.ActiveCfg = Release|Any CPU
		{C846C645-7F80-49E2-ADC0-5FEEB97C3AA1}.Release|Any CPU.Build.0 = Release|Any CPU
		{9691A15C-80CF-496A-A413-47053DFFC4BC}.Debug|Any CPU.ActiveCfg = Debug|Any CPU
		{9691A15C-80CF-496A-A413-47053DFFC4BC}.Debug|Any CPU.Build.0 = Debug|Any CPU
		{9691A15C-80CF-496A-A413-47053DFFC4BC}.Release|Any CPU.ActiveCfg = Release|Any CPU
		{9691A15C-80CF-496A-A413-47053DFFC4BC}.Release|Any CPU.Build.0 = Release|Any CPU
		{C1D86879-60CC-4DCA-BEAA-8953624DD634}.Debug|Any CPU.ActiveCfg = Debug|Any CPU
		{C1D86879-60CC-4DCA-BEAA-8953624DD634}.Debug|Any CPU.Build.0 = Debug|Any CPU
		{C1D86879-60CC-4DCA-BEAA-8953624DD634}.Release|Any CPU.ActiveCfg = Release|Any CPU
		{C1D86879-60CC-4DCA-BEAA-8953624DD634}.Release|Any CPU.Build.0 = Release|Any CPU
		{5483BAD0-9D16-47D9-95A8-331F9B6EA223}.Debug|Any CPU.ActiveCfg = Debug|Any CPU
		{5483BAD0-9D16-47D9-95A8-331F9B6EA223}.Debug|Any CPU.Build.0 = Debug|Any CPU
		{5483BAD0-9D16-47D9-95A8-331F9B6EA223}.Release|Any CPU.ActiveCfg = Release|Any CPU
		{5483BAD0-9D16-47D9-95A8-331F9B6EA223}.Release|Any CPU.Build.0 = Release|Any CPU
		{0A99969F-0A1E-4E31-B60F-9608DD5DD08A}.Debug|Any CPU.ActiveCfg = Debug|Any CPU
		{0A99969F-0A1E-4E31-B60F-9608DD5DD08A}.Debug|Any CPU.Build.0 = Debug|Any CPU
		{0A99969F-0A1E-4E31-B60F-9608DD5DD08A}.Release|Any CPU.ActiveCfg = Release|Any CPU
		{0A99969F-0A1E-4E31-B60F-9608DD5DD08A}.Release|Any CPU.Build.0 = Release|Any CPU
		{D9AA5390-A862-4E4B-9DA3-B37E22F4B517}.Debug|Any CPU.ActiveCfg = Debug|Any CPU
		{D9AA5390-A862-4E4B-9DA3-B37E22F4B517}.Debug|Any CPU.Build.0 = Debug|Any CPU
		{D9AA5390-A862-4E4B-9DA3-B37E22F4B517}.Release|Any CPU.ActiveCfg = Release|Any CPU
		{D9AA5390-A862-4E4B-9DA3-B37E22F4B517}.Release|Any CPU.Build.0 = Release|Any CPU
		{EA6A4394-E944-4F8F-8506-FCE8132B6272}.Debug|Any CPU.ActiveCfg = Debug|Any CPU
		{EA6A4394-E944-4F8F-8506-FCE8132B6272}.Debug|Any CPU.Build.0 = Debug|Any CPU
		{EA6A4394-E944-4F8F-8506-FCE8132B6272}.Release|Any CPU.ActiveCfg = Release|Any CPU
		{EA6A4394-E944-4F8F-8506-FCE8132B6272}.Release|Any CPU.Build.0 = Release|Any CPU
	EndGlobalSection
	GlobalSection(SolutionProperties) = preSolution
		HideSolutionNode = FALSE
	EndGlobalSection
	GlobalSection(ExtensibilityGlobals) = postSolution
		SolutionGuid = {81A454EB-F7C1-4038-B7E3-4ADAAB59745F}
	EndGlobalSection
EndGlobal
